
Microsoft Visual Studio Solution File, Format Version 12.00
# Visual Studio 15
VisualStudioVersion = 15.0.28307.421
MinimumVisualStudioVersion = 10.0.40219.1
Project("{FAE04EC0-301F-11D3-BF4B-00C04F79EFBC}") = "SimpleWebSample", "SimpleWebSample\SimpleWebSample.csproj", "{4CDFB074-FF00-46E6-AEE7-EE0E10B84EDB}"
EndProject
Global
	GlobalSection(SolutionConfigurationPlatforms) = preSolution
		Debug|Any CPU = Debug|Any CPU
		Release|Any CPU = Release|Any CPU
	EndGlobalSection
	GlobalSection(ProjectConfigurationPlatforms) = postSolution
		{4CDFB074-FF00-46E6-AEE7-EE0E10B84EDB}.Debug|Any CPU.ActiveCfg = Debug|Any CPU
		{4CDFB074-FF00-46E6-AEE7-EE0E10B84EDB}.Debug|Any CPU.Build.0 = Debug|Any CPU
		{4CDFB074-FF00-46E6-AEE7-EE0E10B84EDB}.Release|Any CPU.ActiveCfg = Release|Any CPU
		{4CDFB074-FF00-46E6-AEE7-EE0E10B84EDB}.Release|Any CPU.Build.0 = Release|Any CPU
	EndGlobalSection
	GlobalSection(SolutionProperties) = preSolution
		HideSolutionNode = FALSE
	EndGlobalSection
	GlobalSection(ExtensibilityGlobals) = postSolution
		SolutionGuid = {95D70B22-4D48-4889-983D-DB87435BF524}
	EndGlobalSection
EndGlobal
