
Microsoft Visual Studio Solution File, Format Version 12.00
# Visual Studio 15
VisualStudioVersion = 15.0.28307.421
MinimumVisualStudioVersion = 10.0.40219.1
Project("{9A19103F-16F7-4668-BE54-9A1E7A4F7556}") = "DateTimeProviding.Abstractions", "DateTimeProviding.Abstractions\DateTimeProviding.Abstractions.csproj", "{76E865A1-D12A-454A-B04C-4AE3F8EDBB2D}"
EndProject
Global
	GlobalSection(SolutionConfigurationPlatforms) = preSolution
		Debug|Any CPU = Debug|Any CPU
		Release|Any CPU = Release|Any CPU
	EndGlobalSection
	GlobalSection(ProjectConfigurationPlatforms) = postSolution
		{76E865A1-D12A-454A-B04C-4AE3F8EDBB2D}.Debug|Any CPU.ActiveCfg = Debug|Any CPU
		{76E865A1-D12A-454A-B04C-4AE3F8EDBB2D}.Debug|Any CPU.Build.0 = Debug|Any CPU
		{76E865A1-D12A-454A-B04C-4AE3F8EDBB2D}.Release|Any CPU.ActiveCfg = Release|Any CPU
		{76E865A1-D12A-454A-B04C-4AE3F8EDBB2D}.Release|Any CPU.Build.0 = Release|Any CPU
	EndGlobalSection
	GlobalSection(SolutionProperties) = preSolution
		HideSolutionNode = FALSE
	EndGlobalSection
	GlobalSection(ExtensibilityGlobals) = postSolution
		SolutionGuid = {C6ED162A-2C86-4997-9180-32DC17778DDD}
	EndGlobalSection
EndGlobal
